{
  "title" : "cpucode notes",
  "author" : "cpucode",
  "description" : "个人笔记",
  "language" : "zh-hans",
  "gitbook" : ">=3.0.0",
  "root": ".",
  "links" : {
    "sidebar" : {
        "个人主页" : "https://blog.csdn.net/qq_44226094"
    }
  },

    "plugins": [
         "back-to-top-button"
    ],


  "styles": {
    "website": "styles/website.css",
    "ebook": "styles/ebook.css",
    "pdf": "styles/pdf.css",
    "mobi": "styles/mobi.css",
    "epub": "styles/epub.css"
  },

  "requires": true,
  "lockfileVersion": 1,
  "dependencies": {
    "gitbook-plugin-code": {
      "version": "0.1.0",
      "resolved": "https://registry.npmjs.org/gitbook-plugin-code/-/gitbook-plugin-code-0.1.0.tgz",
      "integrity": "sha512-TE8CUFlN7da4SiN2LYx8qk+FX5w2O2IicEcn48sPTpA8gj9qKQqpYpGEdwgsDEev11shEjCZhDwFN//GQ7bdnA=="
    }
  }

}
